{
  "socketPath": "/tmp/mcp-UCDtEW/mcp.sock",
  "scheme": "unix",
  "headers": {
    "Authorization": "Nonce 0c7ed68b-c4d9-4f9b-a784-bab02bfa4989"
  },
  "pid": 5328,
  "ideName": "Visual Studio Code",
  "timestamp": 1780832843066,
  "workspaceFolders": [
    "/teamspace/studios/this_studio"
  ],
  "isTrusted": true
}