{
  "socketPath": "/tmp/mcp-rMDiwb/mcp.sock",
  "scheme": "unix",
  "headers": {
    "Authorization": "Nonce 616fbc21-5940-4fea-be61-8d282cb6efeb"
  },
  "pid": 4469,
  "ideName": "Visual Studio Code",
  "timestamp": 1780559373495,
  "workspaceFolders": [
    "/teamspace/studios/this_studio"
  ],
  "isTrusted": true
}